# @generated by Move, please check-in and do not edit manually.

[move]
version = 3
manifest_digest = "3F5B710FCE9F85B3E81E216DAF26D5D6E416E022B2C4663FB7336FEA530FDC2C"
deps_digest = "F9B494B64F0615AED0E98FC12A85B85ECD2BC5185C22D30E7F67786BB52E507C"
dependencies = [
  { id = "Bridge", name = "Bridge" },
  { id = "MoveStdlib", name = "MoveStdlib" },
  { id = "Sui", name = "Sui" },
  { id = "SuiSystem", name = "SuiSystem" },
]

[[move.package]]
id = "Bridge"
source = { git = "https://github.com/MystenLabs/sui.git", rev = "04f11afaf5e0", subdir = "crates/sui-framework/packages/bridge" }

dependencies = [
  { id = "MoveStdlib", name = "MoveStdlib" },
  { id = "Sui", name = "Sui" },
  { id = "SuiSystem", name = "SuiSystem" },
]

[[move.package]]
id = "MoveStdlib"
source = { git = "https://github.com/MystenLabs/sui.git", rev = "04f11afaf5e0", subdir = "crates/sui-framework/packages/move-stdlib" }

[[move.package]]
id = "Sui"
source = { git = "https://github.com/MystenLabs/sui.git", rev = "04f11afaf5e0", subdir = "crates/sui-framework/packages/sui-framework" }

dependencies = [
  { id = "MoveStdlib", name = "MoveStdlib" },
]

[[move.package]]
id = "SuiSystem"
source = { git = "https://github.com/MystenLabs/sui.git", rev = "04f11afaf5e0", subdir = "crates/sui-framework/packages/sui-system" }

dependencies = [
  { id = "MoveStdlib", name = "MoveStdlib" },
  { id = "Sui", name = "Sui" },
]

[move.toolchain-version]
compiler-version = "1.47.0"
edition = "2024.beta"
flavor = "sui"

[env]

[env.testnet]
chain-id = "4c78adac"
original-published-id = "0x40a8cbcecb3f6f3b63cacc2716ded8442c89425fb748af08570d244f900ff268"
latest-published-id = "0x40a8cbcecb3f6f3b63cacc2716ded8442c89425fb748af08570d244f900ff268"
published-version = "1"

[env.devnet]
chain-id = "f12dda03"
original-published-id = "0xc265cdabba78c6337daa114f905cd47edea8ac2946399667a4e649dac96faa1c"
latest-published-id = "0xc265cdabba78c6337daa114f905cd47edea8ac2946399667a4e649dac96faa1c"
published-version = "1"
